// !$*UTF8*$!
{
	archiveVersion = 1;
	classes = {
	};
	objectVersion = 46;
	objects = {

/* Begin PBXBuildFile section */
		AA6D16C71DD6D0C800466568 /* AppDelegate.swift in Sources */ = {isa = PBXBuildFile; fileRef = AA6D16C61DD6D0C800466568 /* AppDelegate.swift */; };
		AA6D16C91DD6D0C800466568 /* Assets.xcassets in Resources */ = {isa = PBXBuildFile; fileRef = AA6D16C81DD6D0C800466568 /* Assets.xcassets */; };
		AA6D16CC1DD6D0C800466568 /* MainMenu.xib in Resources */ = {isa = PBXBuildFile; fileRef = AA6D16CA1DD6D0C800466568 /* MainMenu.xib */; };
		AA6D16D71DD6D0C900466568 /* CheatSheetTests.swift in Sources */ = {isa = PBXBuildFile; fileRef = AA6D16D61DD6D0C900466568 /* CheatSheetTests.swift */; };
/* End PBXBuildFile section */

/* Begin PBXContainerItemProxy section */
		AA6D16D31DD6D0C900466568 /* PBXContainerItemProxy */ = {
			isa = PBXContainerItemProxy;
			containerPortal = AA6D16BB1DD6D0C800466568 /* Project object */;
			proxyType = 1;
			remoteGlobalIDString = AA6D16C21DD6D0C800466568;
			remoteInfo = CheatSheet;
		};
/* End PBXContainerItemProxy section */

/* Begin PBXFileReference section */
		AA6D16C31DD6D0C800466568 /* CheatSheet.app */ = {isa = PBXFileReference; explicitFileType = wrapper.application; includeInIndex = 0; path = CheatSheet.app; sourceTree = BUILT_PRODUCTS_DIR; };
		AA6D16C61DD6D0C800466568 /* AppDelegate.swift */ = {isa = PBXFileReference; lastKnownFileType = sourcecode.swift; path = AppDelegate.swift; sourceTree = "<group>"; };
		AA6D16C81DD6D0C800466568 /* Assets.xcassets */ = {isa = PBXFileReference; lastKnownFileType = folder.assetcatalog; path = Assets.xcassets; sourceTree = "<group>"; };
		AA6D16CB1DD6D0C800466568 /* Base */ = {isa = PBXFileReference; lastKnownFileType = file.xib; name = Base; path = Base.lproj/MainMenu.xib; sourceTree = "<group>"; };
		AA6D16CD1DD6D0C800466568 /* Info.plist */ = {isa = PBXFileReference; lastKnownFileType = text.plist.xml; path = Info.plist; sourceTree = "<group>"; };
		AA6D16D21DD6D0C900466568 /* CheatSheetTests.xctest */ = {isa = PBXFileReference; explicitFileType = wrapper.cfbundle; includeInIndex = 0; path = CheatSheetTests.xctest; sourceTree = BUILT_PRODUCTS_DIR; };
		AA6D16D61DD6D0C900466568 /* CheatSheetTests.swift */ = {isa = PBXFileReference; lastKnownFileType = sourcecode.swift; path = CheatSheetTests.swift; sourceTree = "<group>"; };
		AA6D16D81DD6D0C900466568 /* Info.plist */ = {isa = PBXFileReference; lastKnownFileType = text.plist.xml; path = Info.plist; sourceTree = "<group>"; };
/* End PBXFileReference section */

/* Begin PBXFrameworksBuildPhase section */
		AA6D16C01DD6D0C800466568 /* Frameworks */ = {
			isa = PBXFrameworksBuildPhase;
			buildActionMask = 2147483647;
			files = (
			);
			runOnlyForDeploymentPostprocessing = 0;
		};
		AA6D16CF1DD6D0C900466568 /* Frameworks */ = {
			isa = PBXFrameworksBuildPhase;
			buildActionMask = 2147483647;
			files = (
			);
			runOnlyForDeploymentPostprocessing = 0;
		};
/* End PBXFrameworksBuildPhase section */

/* Begin PBXGroup section */
		AA6D16BA1DD6D0C800466568 = {
			isa = PBXGroup;
			children = (
				AA6D16C51DD6D0C800466568 /* CheatSheet */,
				AA6D16D51DD6D0C900466568 /* CheatSheetTests */,
				AA6D16C41DD6D0C800466568 /* Products */,
			);
			sourceTree = "<group>";
		};
		AA6D16C41DD6D0C800466568 /* Products */ = {
			isa = PBXGroup;
			children = (
				AA6D16C31DD6D0C800466568 /* CheatSheet.app */,
				AA6D16D21DD6D0C900466568 /* CheatSheetTests.xctest */,
			);
			name = Products;
			sourceTree = "<group>";
		};
		AA6D16C51DD6D0C800466568 /* CheatSheet */ = {
			isa = PBXGroup;
			children = (
				AA6D16C61DD6D0C800466568 /* AppDelegate.swift */,
				AA6D16C81DD6D0C800466568 /* Assets.xcassets */,
				AA6D16CA1DD6D0C800466568 /* MainMenu.xib */,
				AA6D16CD1DD6D0C800466568 /* Info.plist */,
			);
			path = CheatSheet;
			sourceTree = "<group>";
		};
		AA6D16D51DD6D0C900466568 /* CheatSheetTests */ = {
			isa = PBXGroup;
			children = (
				AA6D16D61DD6D0C900466568 /* CheatSheetTests.swift */,
				AA6D16D81DD6D0C900466568 /* Info.plist */,
			);
			path = CheatSheetTests;
			sourceTree = "<group>";
		};
/* End PBXGroup section */

/* Begin PBXNativeTarget section */
		AA6D16C21DD6D0C800466568 /* CheatSheet */ = {
			isa = PBXNativeTarget;
			buildConfigurationList = AA6D16DB1DD6D0C900466568 /* Build configuration list for PBXNativeTarget "CheatSheet" */;
			buildPhases = (
				AA6D16BF1DD6D0C800466568 /* Sources */,
				AA6D16C01DD6D0C800466568 /* Frameworks */,
				AA6D16C11DD6D0C800466568 /* Resources */,
			);
			buildRules = (
			);
			dependencies = (
			);
			name = CheatSheet;
			productName = CheatSheet;
			productReference = AA6D16C31DD6D0C800466568 /* CheatSheet.app */;
			productType = "com.apple.product-type.application";
		};
		AA6D16D11DD6D0C900466568 /* CheatSheetTests */ = {
			isa = PBXNativeTarget;
			buildConfigurationList = AA6D16DE1DD6D0C900466568 /* Build configuration list for PBXNativeTarget "CheatSheetTests" */;
			buildPhases = (
				AA6D16CE1DD6D0C900466568 /* Sources */,
				AA6D16CF1DD6D0C900466568 /* Frameworks */,
				AA6D16D01DD6D0C900466568 /* Resources */,
			);
			buildRules = (
			);
			dependencies = (
				AA6D16D41DD6D0C900466568 /* PBXTargetDependency */,
			);
			name = CheatSheetTests;
			productName = CheatSheetTests;
			productReference = AA6D16D21DD6D0C900466568 /* CheatSheetTests.xctest */;
			productType = "com.apple.product-type.bundle.unit-test";
		};
/* End PBXNativeTarget section */

/* Begin PBXProject section */
		AA6D16BB1DD6D0C800466568 /* Project object */ = {
			isa = PBXProject;
			attributes = {
				LastSwiftUpdateCheck = 0810;
				LastUpgradeCheck = 0810;
				ORGANIZATIONNAME = CheatSheet;
				TargetAttributes = {
					AA6D16C21DD6D0C800466568 = {
						CreatedOnToolsVersion = 8.1;
						ProvisioningStyle = Automatic;
					};
					AA6D16D11DD6D0C900466568 = {
						CreatedOnToolsVersion = 8.1;
						ProvisioningStyle = Automatic;
						TestTargetID = AA6D16C21DD6D0C800466568;
					};
				};
			};
			buildConfigurationList = AA6D16BE1DD6D0C800466568 /* Build configuration list for PBXProject "CheatSheet" */;
			compatibilityVersion = "Xcode 3.2";
			developmentRegion = English;
			hasScannedForEncodings = 0;
			knownRegions = (
				en,
				Base,
			);
			mainGroup = AA6D16BA1DD6D0C800466568;
			productRefGroup = AA6D16C41DD6D0C800466568 /* Products */;
			projectDirPath = "";
			projectRoot = "";
			targets = (
				AA6D16C21DD6D0C800466568 /* CheatSheet */,
				AA6D16D11DD6D0C900466568 /* CheatSheetTests */,
			);
		};
/* End PBXProject section */

/* Begin PBXResourcesBuildPhase section */
		AA6D16C11DD6D0C800466568 /* Resources */ = {
			isa = PBXResourcesBuildPhase;
			buildActionMask = 2147483647;
			files = (
				AA6D16C91DD6D0C800466568 /* Assets.xcassets in Resources */,
				AA6D16CC1DD6D0C800466568 /* MainMenu.xib in Resources */,
			);
			runOnlyForDeploymentPostprocessing = 0;
		};
		AA6D16D01DD6D0C900466568 /* Resources */ = {
			isa = PBXResourcesBuildPhase;
			buildActionMask = 2147483647;
			files = (
			);
			runOnlyForDeploymentPostprocessing = 0;
		};
/* End PBXResourcesBuildPhase section */

/* Begin PBXSourcesBuildPhase section */
		AA6D16BF1DD6D0C800466568 /* Sources */ = {
			isa = PBXSourcesBuildPhase;
			buildActionMask = 2147483647;
			files = (
				AA6D16C71DD6D0C800466568 /* AppDelegate.swift in Sources */,
			);
			runOnlyForDeploymentPostprocessing = 0;
		};
		AA6D16CE1DD6D0C900466568 /* Sources */ = {
			isa = PBXSourcesBuildPhase;
			buildActionMask = 2147483647;
			files = (
				AA6D16D71DD6D0C900466568 /* CheatSheetTests.swift in Sources */,
			);
			runOnlyForDeploymentPostprocessing = 0;
		};
/* End PBXSourcesBuildPhase section */

/* Begin PBXTargetDependency section */
		AA6D16D41DD6D0C900466568 /* PBXTargetDependency */ = {
			isa = PBXTargetDependency;
			target = AA6D16C21DD6D0C800466568 /* CheatSheet */;
			targetProxy = AA6D16D31DD6D0C900466568 /* PBXContainerItemProxy */;
		};
/* End PBXTargetDependency section */

/* Begin PBXVariantGroup section */
		AA6D16CA1DD6D0C800466568 /* MainMenu.xib */ = {
			isa = PBXVariantGroup;
			children = (
				AA6D16CB1DD6D0C800466568 /* Base */,
			);
			name = MainMenu.xib;
			sourceTree = "<group>";
		};
/* End PBXVariantGroup section */

/* Begin XCBuildConfiguration section */
		AA6D16D91DD6D0C900466568 /* Debug */ = {
			isa = XCBuildConfiguration;
			buildSettings = {
				ALWAYS_SEARCH_USER_PATHS = NO;
				CLANG_ANALYZER_NONNULL = YES;
				CLANG_CXX_LANGUAGE_STANDARD = "gnu++0x";
				CLANG_CXX_LIBRARY = "libc++";
				CLANG_ENABLE_MODULES = YES;
				CLANG_ENABLE_OBJC_ARC = YES;
				CLANG_WARN_BOOL_CONVERSION = YES;
				CLANG_WARN_CONSTANT_CONVERSION = YES;
				CLANG_WARN_DIRECT_OBJC_ISA_USAGE = YES_ERROR;
				CLANG_WARN_DOCUMENTATION_COMMENTS = YES;
				CLANG_WARN_EMPTY_BODY = YES;
				CLANG_WARN_ENUM_CONVERSION = YES;
				CLANG_WARN_INFINITE_RECURSION = YES;
				CLANG_WARN_INT_CONVERSION = YES;
				CLANG_WARN_OBJC_ROOT_CLASS = YES_ERROR;
				CLANG_WARN_SUSPICIOUS_MOVES = YES;
				CLANG_WARN_UNREACHABLE_CODE = YES;
				CLANG_WARN__DUPLICATE_METHOD_MATCH = YES;
				CODE_SIGN_IDENTITY = "-";
				COPY_PHASE_STRIP = NO;
				DEBUG_INFORMATION_FORMAT = dwarf;
				ENABLE_STRICT_OBJC_MSGSEND = YES;
				ENABLE_TESTABILITY = YES;
				GCC_C_LANGUAGE_STANDARD = gnu99;
				GCC_DYNAMIC_NO_PIC = NO;
				GCC_NO_COMMON_BLOCKS = YES;
				GCC_OPTIMIZATION_LEVEL = 0;
				GCC_PREPROCESSOR_DEFINITIONS = (
					"DEBUG=1",
					"$(inherited)",
				);
				GCC_WARN_64_TO_32_BIT_CONVERSION = YES;
				GCC_WARN_ABOUT_RETURN_TYPE = YES_ERROR;
				GCC_WARN_UNDECLARED_SELECTOR = YES;
				GCC_WARN_UNINITIALIZED_AUTOS = YES_AGGRESSIVE;
				GCC_WARN_UNUSED_FUNCTION = YES;
				GCC_WARN_UNUSED_VARIABLE = YES;
				MACOSX_DEPLOYMENT_TARGET = 10.11;
				MTL_ENABLE_DEBUG_INFO = YES;
				ONLY_ACTIVE_ARCH = YES;
				SDKROOT = macosx;
				SWIFT_ACTIVE_COMPILATION_CONDITIONS = DEBUG;
				SWIFT_OPTIMIZATION_LEVEL = "-Onone";
			};
			name = Debug;
		};
		AA6D16DA1DD6D0C900466568 /* Release */ = {
			isa = XCBuildConfiguration;
			buildSettings = {
				ALWAYS_SEARCH_USER_PATHS = NO;
				CLANG_ANALYZER_NONNULL = YES;
				CLANG_CXX_LANGUAGE_STANDARD = "gnu++0x";
				CLANG_CXX_LIBRARY = "libc++";
				CLANG_ENABLE_MODULES = YES;
				CLANG_ENABLE_OBJC_ARC = YES;
				CLANG_WARN_BOOL_CONVERSION = YES;
				CLANG_WARN_CONSTANT_CONVERSION = YES;
				CLANG_WARN_DIRECT_OBJC_ISA_USAGE = YES_ERROR;
				CLANG_WARN_DOCUMENTATION_COMMENTS = YES;
				CLANG_WARN_EMPTY_BODY = YES;
				CLANG_WARN_ENUM_CONVERSION = YES;
				CLANG_WARN_INFINITE_RECURSION = YES;
				CLANG_WARN_INT_CONVERSION = YES;
				CLANG_WARN_OBJC_ROOT_CLASS = YES_ERROR;
				CLANG_WARN_SUSPICIOUS_MOVES = YES;
				CLANG_WARN_UNREACHABLE_CODE = YES;
				CLANG_WARN__DUPLICATE_METHOD_MATCH = YES;
				CODE_SIGN_IDENTITY = "-";
				COPY_PHASE_STRIP = NO;
				DEBUG_INFORMATION_FORMAT = "dwarf-with-dsym";
				ENABLE_NS_ASSERTIONS = NO;
				ENABLE_STRICT_OBJC_MSGSEND = YES;
				GCC_C_LANGUAGE_STANDARD = gnu99;
				GCC_NO_COMMON_BLOCKS = YES;
				GCC_WARN_64_TO_32_BIT_CONVERSION = YES;
				GCC_WARN_ABOUT_RETURN_TYPE = YES_ERROR;
				GCC_WARN_UNDECLARED_SELECTOR = YES;
				GCC_WARN_UNINITIALIZED_AUTOS = YES_AGGRESSIVE;
				GCC_WARN_UNUSED_FUNCTION = YES;
				GCC_WARN_UNUSED_VARIABLE = YES;
				MACOSX_DEPLOYMENT_TARGET = 10.11;
				MTL_ENABLE_DEBUG_INFO = NO;
				SDKROOT = macosx;
				SWIFT_OPTIMIZATION_LEVEL = "-Owholemodule";
			};
			name = Release;
		};
		AA6D16DC1DD6D0C900466568 /* Debug */ = {
			isa = XCBuildConfiguration;
			buildSettings = {
				ASSETCATALOG_COMPILER_APPICON_NAME = AppIcon;
				COMBINE_HIDPI_IMAGES = YES;
				INFOPLIST_FILE = CheatSheet/Info.plist;
				LD_RUNPATH_SEARCH_PATHS = "$(inherited) @executable_path/../Frameworks";
				PRODUCT_BUNDLE_IDENTIFIER = com.cheatsheet.CheatSheet;
				PRODUCT_NAME = "$(TARGET_NAME)";
				SWIFT_VERSION = 3.0;
			};
			name = Debug;
		};
		AA6D16DD1DD6D0C900466568 /* Release */ = {
			isa = XCBuildConfiguration;
			buildSettings = {
				ASSETCATALOG_COMPILER_APPICON_NAME = AppIcon;
				COMBINE_HIDPI_IMAGES = YES;
				INFOPLIST_FILE = CheatSheet/Info.plist;
				LD_RUNPATH_SEARCH_PATHS = "$(inherited) @executable_path/../Frameworks";
				PRODUCT_BUNDLE_IDENTIFIER = com.cheatsheet.CheatSheet;
				PRODUCT_NAME = "$(TARGET_NAME)";
				SWIFT_VERSION = 3.0;
			};
			name = Release;
		};
		AA6D16DF1DD6D0C900466568 /* Debug */ = {
			isa = XCBuildConfiguration;
			buildSettings = {
				ALWAYS_EMBED_SWIFT_STANDARD_LIBRARIES = YES;
				BUNDLE_LOADER = "$(TEST_HOST)";
				COMBINE_HIDPI_IMAGES = YES;
				INFOPLIST_FILE = CheatSheetTests/Info.plist;
				LD_RUNPATH_SEARCH_PATHS = "$(inherited) @executable_path/../Frameworks @loader_path/../Frameworks";
				PRODUCT_BUNDLE_IDENTIFIER = com.cheatsheet.CheatSheetTests;
				PRODUCT_NAME = "$(TARGET_NAME)";
				SWIFT_VERSION = 3.0;
				TEST_HOST = "$(BUILT_PRODUCTS_DIR)/CheatSheet.app/Contents/MacOS/CheatSheet";
			};
			name = Debug;
		};
		AA6D16E01DD6D0C900466568 /* Release */ = {
			isa = XCBuildConfiguration;
			buildSettings = {
				ALWAYS_EMBED_SWIFT_STANDARD_LIBRARIES = YES;
				BUNDLE_LOADER = "$(TEST_HOST)";
				COMBINE_HIDPI_IMAGES = YES;
				INFOPLIST_FILE = CheatSheetTests/Info.plist;
				LD_RUNPATH_SEARCH_PATHS = "$(inherited) @executable_path/../Frameworks @loader_path/../Frameworks";
				PRODUCT_BUNDLE_IDENTIFIER = com.cheatsheet.CheatSheetTests;
				PRODUCT_NAME = "$(TARGET_NAME)";
				SWIFT_VERSION = 3.0;
				TEST_HOST = "$(BUILT_PRODUCTS_DIR)/CheatSheet.app/Contents/MacOS/CheatSheet";
			};
			name = Release;
		};
/* End XCBuildConfiguration section */

/* Begin XCConfigurationList section */
		AA6D16BE1DD6D0C800466568 /* Build configuration list for PBXProject "CheatSheet" */ = {
			isa = XCConfigurationList;
			buildConfigurations = (
				AA6D16D91DD6D0C900466568 /* Debug */,
				AA6D16DA1DD6D0C900466568 /* Release */,
			);
			defaultConfigurationIsVisible = 0;
			defaultConfigurationName = Release;
		};
		AA6D16DB1DD6D0C900466568 /* Build configuration list for PBXNativeTarget "CheatSheet" */ = {
			isa = XCConfigurationList;
			buildConfigurations = (
				AA6D16DC1DD6D0C900466568 /* Debug */,
				AA6D16DD1DD6D0C900466568 /* Release */,
			);
			defaultConfigurationIsVisible = 0;
		};
		AA6D16DE1DD6D0C900466568 /* Build configuration list for PBXNativeTarget "CheatSheetTests" */ = {
			isa = XCConfigurationList;
			buildConfigurations = (
				AA6D16DF1DD6D0C900466568 /* Debug */,
				AA6D16E01DD6D0C900466568 /* Release */,
			);
			defaultConfigurationIsVisible = 0;
		};
/* End XCConfigurationList section */
	};
	rootObject = AA6D16BB1DD6D0C800466568 /* Project object */;
}
